
Microsoft Visual Studio Solution File, Format Version 12.00
# Visual Studio Version 16
VisualStudioVersion = 16.0.28407.52
MinimumVisualStudioVersion = 10.0.40219.1
Project("{FAE04EC0-301F-11D3-BF4B-00C04F79EFBC}") = "GenerateDocs", "src\GenerateDocs\GenerateDocs.csproj", "{FD9CD3FF-33FA-4291-BB88-DE767790101F}"
EndProject
Global
	GlobalSection(SolutionConfigurationPlatforms) = preSolution
		Debug|Any CPU = Debug|Any CPU
		Release|Any CPU = Release|Any CPU
	EndGlobalSection
	GlobalSection(ProjectConfigurationPlatforms) = postSolution
		{FD9CD3FF-33FA-4291-BB88-DE767790101F}.Debug|Any CPU.ActiveCfg = Debug|Any CPU
		{FD9CD3FF-33FA-4291-BB88-DE767790101F}.Debug|Any CPU.Build.0 = Debug|Any CPU
		{FD9CD3FF-33FA-4291-BB88-DE767790101F}.Release|Any CPU.ActiveCfg = Release|Any CPU
		{FD9CD3FF-33FA-4291-BB88-DE767790101F}.Release|Any CPU.Build.0 = Release|Any CPU
	EndGlobalSection
	GlobalSection(SolutionProperties) = preSolution
		HideSolutionNode = FALSE
	EndGlobalSection
	GlobalSection(ExtensibilityGlobals) = postSolution
		SolutionGuid = {C325771C-FCFC-4244-A816-AE4F60E18099}
	EndGlobalSection
EndGlobal
