
Microsoft Visual Studio Solution File, Format Version 12.00
# Visual Studio 15
VisualStudioVersion = 15.0.28307.168
MinimumVisualStudioVersion = 10.0.40219.1
Project("{9A19103F-16F7-4668-BE54-9A1E7A4F7556}") = "generate.docs", "src\generateDocs\generate.docs.csproj", "{FD9CD3FF-33FA-4291-BB88-DE767790101F}"
EndProject
Project("{2150E333-8FDC-42A3-9474-1A3956D46DE8}") = "Solution Items", "Solution Items", "{9D95E672-E89C-4EC7-B6A3-E72498172AD4}"
	ProjectSection(SolutionItems) = preProject
		docs\_template.html = docs\_template.html
	EndProjectSection
EndProject
Global
	GlobalSection(SolutionConfigurationPlatforms) = preSolution
		Debug|Any CPU = Debug|Any CPU
		Release|Any CPU = Release|Any CPU
	EndGlobalSection
	GlobalSection(ProjectConfigurationPlatforms) = postSolution
		{FD9CD3FF-33FA-4291-BB88-DE767790101F}.Debug|Any CPU.ActiveCfg = Debug|Any CPU
		{FD9CD3FF-33FA-4291-BB88-DE767790101F}.Debug|Any CPU.Build.0 = Debug|Any CPU
		{FD9CD3FF-33FA-4291-BB88-DE767790101F}.Release|Any CPU.ActiveCfg = Release|Any CPU
		{FD9CD3FF-33FA-4291-BB88-DE767790101F}.Release|Any CPU.Build.0 = Release|Any CPU
	EndGlobalSection
	GlobalSection(SolutionProperties) = preSolution
		HideSolutionNode = FALSE
	EndGlobalSection
	GlobalSection(ExtensibilityGlobals) = postSolution
		SolutionGuid = {C325771C-FCFC-4244-A816-AE4F60E18099}
	EndGlobalSection
EndGlobal
